
Microsoft Visual Studio Solution File, Format Version 12.00
# Visual Studio Version 16
VisualStudioVersion = 16.0.30523.141
MinimumVisualStudioVersion = 10.0.40219.1
Project("{9A19103F-16F7-4668-BE54-9A1E7A4F7556}") = "ppedv.MessApp.Model", "ppedv.MessApp.Model\ppedv.MessApp.Model.csproj", "{FAF14100-B5FE-4424-A4CE-797DC57DE5C0}"
EndProject
Project("{FAE04EC0-301F-11D3-BF4B-00C04F79EFBC}") = "ppedv.MessApp.Data.EF", "ppedv.MessApp.Data.EF\ppedv.MessApp.Data.EF.csproj", "{3DB12946-B4A7-46DD-809F-00CFF6D6A7EA}"
EndProject
Project("{FAE04EC0-301F-11D3-BF4B-00C04F79EFBC}") = "ppedv.MessApp.Data.EF.Tests", "ppedv.MessApp.Data.EF.Tests\ppedv.MessApp.Data.EF.Tests.csproj", "{EE6E5101-E7F5-4AC3-A2DF-B7A72E5570F9}"
EndProject
Project("{FAE04EC0-301F-11D3-BF4B-00C04F79EFBC}") = "ppedv.MessApp.Logic", "ppedv.MessApp.Logic\ppedv.MessApp.Logic.csproj", "{A91D3D6A-5E7C-41FE-A6A2-4CE92A7D10B9}"
EndProject
Project("{FAE04EC0-301F-11D3-BF4B-00C04F79EFBC}") = "ppedv.MessApp.UI.CoreConsole", "ppedv.MessApp.UI.CoreConsole\ppedv.MessApp.UI.CoreConsole.csproj", "{257B5A56-9BD1-437D-AD82-64BE744A827B}"
EndProject
Project("{2150E333-8FDC-42A3-9474-1A3956D46DE8}") = "Data", "Data", "{1E14A644-1408-4C5A-AA92-20E90D83BA59}"
EndProject
Project("{2150E333-8FDC-42A3-9474-1A3956D46DE8}") = "Logic", "Logic", "{5C57904B-EC28-4F32-AD6F-3430252216D2}"
EndProject
Project("{2150E333-8FDC-42A3-9474-1A3956D46DE8}") = "UI", "UI", "{08786D0C-39DE-4F70-AF2F-D0865697E8A4}"
EndProject
Project("{2150E333-8FDC-42A3-9474-1A3956D46DE8}") = "CrossCutting", "CrossCutting", "{7F172A19-3EC8-4150-8244-12E66E1A04FA}"
EndProject
Project("{FAE04EC0-301F-11D3-BF4B-00C04F79EFBC}") = "ppedv.MessApp.Logic.Tests", "ppedv.MessApp.Logic.Tests\ppedv.MessApp.Logic.Tests.csproj", "{183C6AFA-8984-42C4-AA24-8E1A026470C5}"
EndProject
Global
	GlobalSection(SolutionConfigurationPlatforms) = preSolution
		Debug|Any CPU = Debug|Any CPU
		Release|Any CPU = Release|Any CPU
	EndGlobalSection
	GlobalSection(ProjectConfigurationPlatforms) = postSolution
		{FAF14100-B5FE-4424-A4CE-797DC57DE5C0}.Debug|Any CPU.ActiveCfg = Debug|Any CPU
		{FAF14100-B5FE-4424-A4CE-797DC57DE5C0}.Debug|Any CPU.Build.0 = Debug|Any CPU
		{FAF14100-B5FE-4424-A4CE-797DC57DE5C0}.Release|Any CPU.ActiveCfg = Release|Any CPU
		{FAF14100-B5FE-4424-A4CE-797DC57DE5C0}.Release|Any CPU.Build.0 = Release|Any CPU
		{3DB12946-B4A7-46DD-809F-00CFF6D6A7EA}.Debug|Any CPU.ActiveCfg = Debug|Any CPU
		{3DB12946-B4A7-46DD-809F-00CFF6D6A7EA}.Debug|Any CPU.Build.0 = Debug|Any CPU
		{3DB12946-B4A7-46DD-809F-00CFF6D6A7EA}.Release|Any CPU.ActiveCfg = Release|Any CPU
		{3DB12946-B4A7-46DD-809F-00CFF6D6A7EA}.Release|Any CPU.Build.0 = Release|Any CPU
		{EE6E5101-E7F5-4AC3-A2DF-B7A72E5570F9}.Debug|Any CPU.ActiveCfg = Debug|Any CPU
		{EE6E5101-E7F5-4AC3-A2DF-B7A72E5570F9}.Debug|Any CPU.Build.0 = Debug|Any CPU
		{EE6E5101-E7F5-4AC3-A2DF-B7A72E5570F9}.Release|Any CPU.ActiveCfg = Release|Any CPU
		{EE6E5101-E7F5-4AC3-A2DF-B7A72E5570F9}.Release|Any CPU.Build.0 = Release|Any CPU
		{A91D3D6A-5E7C-41FE-A6A2-4CE92A7D10B9}.Debug|Any CPU.ActiveCfg = Debug|Any CPU
		{A91D3D6A-5E7C-41FE-A6A2-4CE92A7D10B9}.Debug|Any CPU.Build.0 = Debug|Any CPU
		{A91D3D6A-5E7C-41FE-A6A2-4CE92A7D10B9}.Release|Any CPU.ActiveCfg = Release|Any CPU
		{A91D3D6A-5E7C-41FE-A6A2-4CE92A7D10B9}.Release|Any CPU.Build.0 = Release|Any CPU
		{257B5A56-9BD1-437D-AD82-64BE744A827B}.Debug|Any CPU.ActiveCfg = Debug|Any CPU
		{257B5A56-9BD1-437D-AD82-64BE744A827B}.Debug|Any CPU.Build.0 = Debug|Any CPU
		{257B5A56-9BD1-437D-AD82-64BE744A827B}.Release|Any CPU.ActiveCfg = Release|Any CPU
		{257B5A56-9BD1-437D-AD82-64BE744A827B}.Release|Any CPU.Build.0 = Release|Any CPU
		{183C6AFA-8984-42C4-AA24-8E1A026470C5}.Debug|Any CPU.ActiveCfg = Debug|Any CPU
		{183C6AFA-8984-42C4-AA24-8E1A026470C5}.Debug|Any CPU.Build.0 = Debug|Any CPU
		{183C6AFA-8984-42C4-AA24-8E1A026470C5}.Release|Any CPU.ActiveCfg = Release|Any CPU
		{183C6AFA-8984-42C4-AA24-8E1A026470C5}.Release|Any CPU.Build.0 = Release|Any CPU
	EndGlobalSection
	GlobalSection(SolutionProperties) = preSolution
		HideSolutionNode = FALSE
	EndGlobalSection
	GlobalSection(NestedProjects) = preSolution
		{FAF14100-B5FE-4424-A4CE-797DC57DE5C0} = {7F172A19-3EC8-4150-8244-12E66E1A04FA}
		{3DB12946-B4A7-46DD-809F-00CFF6D6A7EA} = {1E14A644-1408-4C5A-AA92-20E90D83BA59}
		{EE6E5101-E7F5-4AC3-A2DF-B7A72E5570F9} = {1E14A644-1408-4C5A-AA92-20E90D83BA59}
		{A91D3D6A-5E7C-41FE-A6A2-4CE92A7D10B9} = {5C57904B-EC28-4F32-AD6F-3430252216D2}
		{257B5A56-9BD1-437D-AD82-64BE744A827B} = {08786D0C-39DE-4F70-AF2F-D0865697E8A4}
		{183C6AFA-8984-42C4-AA24-8E1A026470C5} = {5C57904B-EC28-4F32-AD6F-3430252216D2}
	EndGlobalSection
	GlobalSection(ExtensibilityGlobals) = postSolution
		SolutionGuid = {3A7133BA-6D2E-44CF-8567-D80DEC4A8A78}
	EndGlobalSection
EndGlobal
